
Microsoft Visual Studio Solution File, Format Version 12.00
# Visual Studio 2013
VisualStudioVersion = 12.0.31101.0
MinimumVisualStudioVersion = 10.0.40219.1
Project("{FAE04EC0-301F-11D3-BF4B-00C04F79EFBC}") = "SecurityLookup", "SecurityLookup\SecurityLookup.csproj", "{A2E72AB9-9CF9-4C64-B089-D8432A7356B3}"
EndProject
Project("{FAE04EC0-301F-11D3-BF4B-00C04F79EFBC}") = "SecurityLookup.Tests", "SecurityLookup.Tests\SecurityLookup.Tests.csproj", "{9B4B51F7-3852-43D0-83D0-5C9DF7180BFA}"
EndProject
Global
	GlobalSection(SolutionConfigurationPlatforms) = preSolution
		Debug|Any CPU = Debug|Any CPU
		Release|Any CPU = Release|Any CPU
	EndGlobalSection
	GlobalSection(ProjectConfigurationPlatforms) = postSolution
		{A2E72AB9-9CF9-4C64-B089-D8432A7356B3}.Debug|Any CPU.ActiveCfg = Debug|Any CPU
		{A2E72AB9-9CF9-4C64-B089-D8432A7356B3}.Debug|Any CPU.Build.0 = Debug|Any CPU
		{A2E72AB9-9CF9-4C64-B089-D8432A7356B3}.Release|Any CPU.ActiveCfg = Release|Any CPU
		{A2E72AB9-9CF9-4C64-B089-D8432A7356B3}.Release|Any CPU.Build.0 = Release|Any CPU
		{9B4B51F7-3852-43D0-83D0-5C9DF7180BFA}.Debug|Any CPU.ActiveCfg = Debug|Any CPU
		{9B4B51F7-3852-43D0-83D0-5C9DF7180BFA}.Debug|Any CPU.Build.0 = Debug|Any CPU
		{9B4B51F7-3852-43D0-83D0-5C9DF7180BFA}.Release|Any CPU.ActiveCfg = Release|Any CPU
		{9B4B51F7-3852-43D0-83D0-5C9DF7180BFA}.Release|Any CPU.Build.0 = Release|Any CPU
	EndGlobalSection
	GlobalSection(SolutionProperties) = preSolution
		HideSolutionNode = FALSE
	EndGlobalSection
EndGlobal
